
Microsoft Visual Studio Solution File, Format Version 12.00
# Visual Studio Version 16
VisualStudioVersion = 16.0.30523.141
MinimumVisualStudioVersion = 10.0.40219.1
Project("{FAE04EC0-301F-11D3-BF4B-00C04F79EFBC}") = "SCSystem", "SCSystem.csproj", "{D5A2AE9B-A9DC-445B-8495-3EF71832CBED}"
EndProject
Global
	GlobalSection(SolutionConfigurationPlatforms) = preSolution
		Debug|Any CPU = Debug|Any CPU
		Release|Any CPU = Release|Any CPU
	EndGlobalSection
	GlobalSection(ProjectConfigurationPlatforms) = postSolution
		{D5A2AE9B-A9DC-445B-8495-3EF71832CBED}.Debug|Any CPU.ActiveCfg = Debug|Any CPU
		{D5A2AE9B-A9DC-445B-8495-3EF71832CBED}.Debug|Any CPU.Build.0 = Debug|Any CPU
		{D5A2AE9B-A9DC-445B-8495-3EF71832CBED}.Release|Any CPU.ActiveCfg = Release|Any CPU
		{D5A2AE9B-A9DC-445B-8495-3EF71832CBED}.Release|Any CPU.Build.0 = Release|Any CPU
	EndGlobalSection
	GlobalSection(SolutionProperties) = preSolution
		HideSolutionNode = FALSE
	EndGlobalSection
	GlobalSection(ExtensibilityGlobals) = postSolution
		SolutionGuid = {7327F773-7534-43B4-8015-16C97E42454A}
	EndGlobalSection
EndGlobal
